{
  "name": "persistency",
  "version": "2.0.4",
  "lockfileVersion": 3,
  "requires": true,
  "packages": {
    "": {
      "name": "persistency",
      "version": "2.0.4",
      "license": "MIT",
      "devDependencies": {
        "@types/node": "^22.7.8",
        "arrange-act-assert": "^2.5.1",
        "iso-bench": "^3.2.1",
        "typescript": "^5.6.3"
      }
    },
    "node_modules/@types/node": {
      "version": "22.19.1",
      "resolved": "https://registry.npmjs.org/@types/node/-/node-22.19.1.tgz",
      "integrity": "sha512-LCCV0HdSZZZb34qifBsyWlUmok6W7ouER+oQIGBScS8EsZsQbrtFTUrDX4hOl+CS6p7cnNC4td+qrSVGSCTUfQ==",
      "dev": true,
      "dependencies": {
        "undici-types": "~6.21.0"
      }
    },
    "node_modules/arrange-act-assert": {
      "version": "2.9.3",
      "resolved": "https://registry.npmjs.org/arrange-act-assert/-/arrange-act-assert-2.9.3.tgz",
      "integrity": "sha512-DHG4Da9duwaXybw/UATdO7+wuJoE0VMlrcnPAH6QnMq8v+2fkoz6EWRh4Y9IxyfB8G9UOS+aKLk+3KqgvvLxeg==",
      "dev": true,
      "bin": {
        "aaa": "lib/cli.js"
      }
    },
    "node_modules/iso-bench": {
      "version": "3.2.1",
      "resolved": "https://registry.npmjs.org/iso-bench/-/iso-bench-3.2.1.tgz",
      "integrity": "sha512-PlvP49UYHjbvQ7jaYgE+8JQ+M720VJQgVWsYssgfWdIKSxobC6HQw/YWkNSMFMXn+2x6m9dGDKivKBFnBxSv6A==",
      "dev": true
    },
    "node_modules/typescript": {
      "version": "5.7.2",
      "resolved": "https://registry.npmjs.org/typescript/-/typescript-5.7.2.tgz",
      "integrity": "sha512-i5t66RHxDvVN40HfDd1PsEThGNnlMCMT3jMUuoh9/0TaqWevNontacunWyN02LA9/fIbEWlcHZcgTKb9QoaLfg==",
      "dev": true,
      "bin": {
        "tsc": "bin/tsc",
        "tsserver": "bin/tsserver"
      },
      "engines": {
        "node": ">=14.17"
      }
    },
    "node_modules/undici-types": {
      "version": "6.21.0",
      "resolved": "https://registry.npmjs.org/undici-types/-/undici-types-6.21.0.tgz",
      "integrity": "sha512-iwDZqg0QAGrg9Rav5H4n0M64c3mkR59cJ6wQp+7C4nI0gsmExaedaYLNO44eT4AtBBwjbTiGPMlt2Md0T9H9JQ==",
      "dev": true
    }
  }
}
